
Microsoft Visual Studio Solution File, Format Version 12.00
# Visual Studio Version 16
VisualStudioVersion = 16.0.29324.140
MinimumVisualStudioVersion = 10.0.40219.1
Project("{F184B08F-C81C-45F6-A57F-5ABD9991F28F}") = "SAA Restoran", "SAA Restoran\SAA Restoran.vbproj", "{1468207F-15E2-4DAB-8625-7EF321343484}"
EndProject
Global
	GlobalSection(SolutionConfigurationPlatforms) = preSolution
		Debug|Any CPU = Debug|Any CPU
		Release|Any CPU = Release|Any CPU
	EndGlobalSection
	GlobalSection(ProjectConfigurationPlatforms) = postSolution
		{1468207F-15E2-4DAB-8625-7EF321343484}.Debug|Any CPU.ActiveCfg = Debug|Any CPU
		{1468207F-15E2-4DAB-8625-7EF321343484}.Debug|Any CPU.Build.0 = Debug|Any CPU
		{1468207F-15E2-4DAB-8625-7EF321343484}.Release|Any CPU.ActiveCfg = Release|Any CPU
		{1468207F-15E2-4DAB-8625-7EF321343484}.Release|Any CPU.Build.0 = Release|Any CPU
	EndGlobalSection
	GlobalSection(SolutionProperties) = preSolution
		HideSolutionNode = FALSE
	EndGlobalSection
	GlobalSection(ExtensibilityGlobals) = postSolution
		SolutionGuid = {90586131-33D4-432E-8183-072C083002BB}
	EndGlobalSection
EndGlobal
